
Microsoft Visual Studio Solution File, Format Version 12.00
Project("{2150E333-8FDC-42A3-9474-1A3956D46DE8}") = "Solution Items", "Solution Items", "{65AFAFFD-8E8B-4594-97AE-1920395264F8}"
	ProjectSection(SolutionItems) = preProject
		.editorconfig = .editorconfig
		Directory.Build.props = Directory.Build.props
		Directory.Packages.props = Directory.Packages.props
	EndProjectSection
EndProject
Project("{FAE04EC0-301F-11D3-BF4B-00C04F79EFBC}") = "DirectoryService.App", "src\DirectoryService.App\DirectoryService.App.csproj", "{BF8C4AA8-DBC6-46A4-8A51-B676961DAC26}"
EndProject
Project("{2150E333-8FDC-42A3-9474-1A3956D46DE8}") = "src", "src", "{EE862901-6D3C-4574-AF4F-80B42FA59C79}"
EndProject
Global
	GlobalSection(SolutionConfigurationPlatforms) = preSolution
		Debug|Any CPU = Debug|Any CPU
		Release|Any CPU = Release|Any CPU
	EndGlobalSection
	GlobalSection(ProjectConfigurationPlatforms) = postSolution
		{BF8C4AA8-DBC6-46A4-8A51-B676961DAC26}.Debug|Any CPU.ActiveCfg = Debug|Any CPU
		{BF8C4AA8-DBC6-46A4-8A51-B676961DAC26}.Debug|Any CPU.Build.0 = Debug|Any CPU
		{BF8C4AA8-DBC6-46A4-8A51-B676961DAC26}.Release|Any CPU.ActiveCfg = Release|Any CPU
		{BF8C4AA8-DBC6-46A4-8A51-B676961DAC26}.Release|Any CPU.Build.0 = Release|Any CPU
	EndGlobalSection
	GlobalSection(NestedProjects) = preSolution
		{BF8C4AA8-DBC6-46A4-8A51-B676961DAC26} = {EE862901-6D3C-4574-AF4F-80B42FA59C79}
	EndGlobalSection
EndGlobal
